<?xml version="1.0" encoding="utf-8"?>
<Project ToolsVersion="4.0" xmlns="http://schemas.microsoft.com/developer/msbuild/2003">
  <ItemGroup>
    <Filter Include="Source Files">
      <UniqueIdentifier>{2ac8c2c7-299c-4373-99b3-3e1a445670c3}</UniqueIdentifier>
      <Extensions>cpp;c;cxx;rc;def;r;odl;idl;hpj;bat</Extensions>
    </Filter>
    <Filter Include="Header Files">
      <UniqueIdentifier>{a3e1bd30-8836-4084-9b28-af9c74c810de}</UniqueIdentifier>
      <Extensions>h;hpp;hxx;hm;inl</Extensions>
    </Filter>
    <Filter Include="Resource Files">
      <UniqueIdentifier>{2b4f9cca-c986-4029-b914-c9849575a3f3}</UniqueIdentifier>
      <Extensions>ico;cur;bmp;dlg;rc2;rct;bin;rgs;gif;jpg;jpeg;jpe</Extensions>
    </Filter>
  </ItemGroup>
  <ItemGroup>
    <ClCompile Include="AgentFormDlg.cpp">
      <Filter>Source Files</Filter>
    </ClCompile>
    <ClCompile Include="BITMAPDIALOG.CPP">
      <Filter>Source Files</Filter>
    </ClCompile>
    <ClCompile Include="BusyReasonDlg.cpp">
      <Filter>Source Files</Filter>
    </ClCompile>
    <ClCompile Include="ColorStaticST.cpp">
      <Filter>Source Files</Filter>
    </ClCompile>
    <ClCompile Include="ConsultDlg.cpp">
      <Filter>Source Files</Filter>
    </ClCompile>
    <ClCompile Include="ControlCenter.cpp">
      <Filter>Source Files</Filter>
    </ClCompile>
    <ClCompile Include="CTIInterface.cpp">
      <Filter>Source Files</Filter>
    </ClCompile>
    <ClCompile Include="DialDlg.cpp">
      <Filter>Source Files</Filter>
    </ClCompile>
    <ClCompile Include="DIB256.CPP">
      <Filter>Source Files</Filter>
    </ClCompile>
    <ClCompile Include="DIBPAL.CPP">
      <Filter>Source Files</Filter>
    </ClCompile>
    <ClCompile Include="ECT_SoftPhone.cpp">
      <Filter>Source Files</Filter>
    </ClCompile>
    <ClCompile Include="ECT_SoftPhoneCtl.cpp">
      <Filter>Source Files</Filter>
    </ClCompile>
    <ClCompile Include="ECT_SoftPhonePpg.cpp">
      <Filter>Source Files</Filter>
    </ClCompile>
    <ClCompile Include="GenesysInterface.cpp">
      <Filter>Source Files</Filter>
    </ClCompile>
    <ClCompile Include="ImageButton.cpp">
      <Filter>Source Files</Filter>
    </ClCompile>
    <ClCompile Include="ListenDlg.cpp">
      <Filter>Source Files</Filter>
    </ClCompile>
    <ClCompile Include="ROUNDBUTTON.CPP">
      <Filter>Source Files</Filter>
    </ClCompile>
    <ClCompile Include="StateMachine.cpp">
      <Filter>Source Files</Filter>
    </ClCompile>
    <ClCompile Include="StdAfx.cpp">
      <Filter>Source Files</Filter>
    </ClCompile>
    <ClCompile Include="TransferDlg.cpp">
      <Filter>Source Files</Filter>
    </ClCompile>
    <ClCompile Include="Module.cpp">
      <Filter>Source Files</Filter>
    </ClCompile>
    <ClCompile Include="jsoncpp\src\json_reader.cpp">
      <Filter>Source Files</Filter>
    </ClCompile>
    <ClCompile Include="jsoncpp\src\json_value.cpp">
      <Filter>Source Files</Filter>
    </ClCompile>
    <ClCompile Include="jsoncpp\src\json_writer.cpp">
      <Filter>Source Files</Filter>
    </ClCompile>
  </ItemGroup>
  <ItemGroup>
    <Midl Include="ECT_SoftPhone.odl">
      <Filter>Source Files</Filter>
    </Midl>
  </ItemGroup>
  <ItemGroup>
    <ResourceCompile Include="ECT_SoftPhone.rc">
      <Filter>Source Files</Filter>
    </ResourceCompile>
  </ItemGroup>
  <ItemGroup>
    <ClInclude Include="AgentFormDlg.h">
      <Filter>Header Files</Filter>
    </ClInclude>
    <ClInclude Include="BITMAPDIALOG.H">
      <Filter>Header Files</Filter>
    </ClInclude>
    <ClInclude Include="BusyReasonDlg.h">
      <Filter>Header Files</Filter>
    </ClInclude>
    <ClInclude Include="ColorStaticST.h">
      <Filter>Header Files</Filter>
    </ClInclude>
    <ClInclude Include="ConsultDlg.h">
      <Filter>Header Files</Filter>
    </ClInclude>
    <ClInclude Include="ControlCenter.h">
      <Filter>Header Files</Filter>
    </ClInclude>
    <ClInclude Include="CTIInterface.h">
      <Filter>Header Files</Filter>
    </ClInclude>
    <ClInclude Include="Define.h">
      <Filter>Header Files</Filter>
    </ClInclude>
    <ClInclude Include="DialDlg.h">
      <Filter>Header Files</Filter>
    </ClInclude>
    <ClInclude Include="DIB256.H">
      <Filter>Header Files</Filter>
    </ClInclude>
    <ClInclude Include="DIBPAL.H">
      <Filter>Header Files</Filter>
    </ClInclude>
    <ClInclude Include="ECT_SoftPhone.h">
      <Filter>Header Files</Filter>
    </ClInclude>
    <ClInclude Include="ECT_SoftPhoneCtl.h">
      <Filter>Header Files</Filter>
    </ClInclude>
    <ClInclude Include="ECT_SoftPhonePpg.h">
      <Filter>Header Files</Filter>
    </ClInclude>
    <ClInclude Include="GenesysInterface.h">
      <Filter>Header Files</Filter>
    </ClInclude>
    <ClInclude Include="ImageButton.h">
      <Filter>Header Files</Filter>
    </ClInclude>
    <ClInclude Include="ListenDlg.h">
      <Filter>Header Files</Filter>
    </ClInclude>
    <ClInclude Include="Resource.h">
      <Filter>Header Files</Filter>
    </ClInclude>
    <ClInclude Include="RoundButton.h">
      <Filter>Header Files</Filter>
    </ClInclude>
    <ClInclude Include="StateMachine.h">
      <Filter>Header Files</Filter>
    </ClInclude>
    <ClInclude Include="StdAfx.h">
      <Filter>Header Files</Filter>
    </ClInclude>
    <ClInclude Include="TransferDlg.h">
      <Filter>Header Files</Filter>
    </ClInclude>
    <ClInclude Include="Module.h">
      <Filter>Header Files</Filter>
    </ClInclude>
    <ClInclude Include="jsoncpp\include\allocator.h">
      <Filter>Header Files</Filter>
    </ClInclude>
    <ClInclude Include="jsoncpp\include\assertions.h">
      <Filter>Header Files</Filter>
    </ClInclude>
    <ClInclude Include="jsoncpp\include\autolink.h">
      <Filter>Header Files</Filter>
    </ClInclude>
    <ClInclude Include="jsoncpp\include\config.h">
      <Filter>Header Files</Filter>
    </ClInclude>
    <ClInclude Include="jsoncpp\include\features.h">
      <Filter>Header Files</Filter>
    </ClInclude>
    <ClInclude Include="jsoncpp\include\forwards.h">
      <Filter>Header Files</Filter>
    </ClInclude>
    <ClInclude Include="jsoncpp\include\json.h">
      <Filter>Header Files</Filter>
    </ClInclude>
    <ClInclude Include="jsoncpp\include\reader.h">
      <Filter>Header Files</Filter>
    </ClInclude>
    <ClInclude Include="jsoncpp\include\value.h">
      <Filter>Header Files</Filter>
    </ClInclude>
    <ClInclude Include="jsoncpp\include\version.h">
      <Filter>Header Files</Filter>
    </ClInclude>
    <ClInclude Include="jsoncpp\include\writer.h">
      <Filter>Header Files</Filter>
    </ClInclude>
  </ItemGroup>
  <ItemGroup>
    <Image Include="res\answer.bmp">
      <Filter>Resource Files</Filter>
    </Image>
    <Image Include="res\BACK1.bmp">
      <Filter>Resource Files</Filter>
    </Image>
    <Image Include="res\bargein.bmp">
      <Filter>Resource Files</Filter>
    </Image>
    <Image Include="res\consult.bmp">
      <Filter>Resource Files</Filter>
    </Image>
    <Image Include="res\Dial.bmp">
      <Filter>Resource Files</Filter>
    </Image>
    <Image Include="ECT_SoftPhone.ico">
      <Filter>Resource Files</Filter>
    </Image>
    <Image Include="ECT_SoftPhoneCtl.bmp">
      <Filter>Resource Files</Filter>
    </Image>
    <Image Include="res\forcebreak.bmp">
      <Filter>Resource Files</Filter>
    </Image>
    <Image Include="res\hold.bmp">
      <Filter>Resource Files</Filter>
    </Image>
    <Image Include="res\listen.bmp">
      <Filter>Resource Files</Filter>
    </Image>
    <Image Include="res\login.bmp">
      <Filter>Resource Files</Filter>
    </Image>
    <Image Include="res\logo.ico">
      <Filter>Resource Files</Filter>
    </Image>
    <Image Include="res\ready.bmp">
      <Filter>Resource Files</Filter>
    </Image>
    <Image Include="res\reconnect.bmp">
      <Filter>Resource Files</Filter>
    </Image>
    <Image Include="res\transfer.bmp">
      <Filter>Resource Files</Filter>
    </Image>
  </ItemGroup>
  <ItemGroup>
    <Text Include="ReadMe.txt" />
  </ItemGroup>
  <ItemGroup>
    <CustomBuild Include="ECT_SoftPhone.def">
      <Filter>Source Files</Filter>
    </CustomBuild>
    <CustomBuild Include="common_MD.dll" />
    <CustomBuild Include="tlib_MD.dll" />
  </ItemGroup>
</Project>